
Microsoft Visual Studio Solution File, Format Version 12.00
# Visual Studio Version 17
VisualStudioVersion = 17.6.33815.320
MinimumVisualStudioVersion = 10.0.40219.1
Project("{FAE04EC0-301F-11D3-BF4B-00C04F79EFBC}") = "newspaperproject", "newspaperproject.csproj", "{53A525E9-1F62-4BC2-9CC6-2ADE4E8824EA}"
EndProject
Global
	GlobalSection(SolutionConfigurationPlatforms) = preSolution
		Debug|Any CPU = Debug|Any CPU
		Release|Any CPU = Release|Any CPU
	EndGlobalSection
	GlobalSection(ProjectConfigurationPlatforms) = postSolution
		{53A525E9-1F62-4BC2-9CC6-2ADE4E8824EA}.Debug|Any CPU.ActiveCfg = Debug|Any CPU
		{53A525E9-1F62-4BC2-9CC6-2ADE4E8824EA}.Debug|Any CPU.Build.0 = Debug|Any CPU
		{53A525E9-1F62-4BC2-9CC6-2ADE4E8824EA}.Release|Any CPU.ActiveCfg = Release|Any CPU
		{53A525E9-1F62-4BC2-9CC6-2ADE4E8824EA}.Release|Any CPU.Build.0 = Release|Any CPU
	EndGlobalSection
	GlobalSection(SolutionProperties) = preSolution
		HideSolutionNode = FALSE
	EndGlobalSection
	GlobalSection(ExtensibilityGlobals) = postSolution
		SolutionGuid = {CF9AE312-82D7-477C-991E-7505583AECDF}
	EndGlobalSection
EndGlobal
